
Microsoft Visual Studio Solution File, Format Version 12.00
# Visual Studio Version 16
VisualStudioVersion = 16.0.30320.27
MinimumVisualStudioVersion = 10.0.40219.1
Project("{9A19103F-16F7-4668-BE54-9A1E7A4F7556}") = "MyFirstAPI", "MyFirstAPI.csproj", "{0DD963D1-31F6-4532-BBD1-82CFFC52FD88}"
EndProject
Global
	GlobalSection(SolutionConfigurationPlatforms) = preSolution
		Debug|Any CPU = Debug|Any CPU
		Release|Any CPU = Release|Any CPU
	EndGlobalSection
	GlobalSection(ProjectConfigurationPlatforms) = postSolution
		{0DD963D1-31F6-4532-BBD1-82CFFC52FD88}.Debug|Any CPU.ActiveCfg = Debug|Any CPU
		{0DD963D1-31F6-4532-BBD1-82CFFC52FD88}.Debug|Any CPU.Build.0 = Debug|Any CPU
		{0DD963D1-31F6-4532-BBD1-82CFFC52FD88}.Release|Any CPU.ActiveCfg = Release|Any CPU
		{0DD963D1-31F6-4532-BBD1-82CFFC52FD88}.Release|Any CPU.Build.0 = Release|Any CPU
	EndGlobalSection
	GlobalSection(SolutionProperties) = preSolution
		HideSolutionNode = FALSE
	EndGlobalSection
	GlobalSection(ExtensibilityGlobals) = postSolution
		SolutionGuid = {510B28FA-6700-434B-A9BE-CCBA0514CC83}
	EndGlobalSection
EndGlobal
