
Microsoft Visual Studio Solution File, Format Version 12.00
# Visual Studio Version 16
VisualStudioVersion = 16.0.30320.27
MinimumVisualStudioVersion = 10.0.40219.1
Project("{FAE04EC0-301F-11D3-BF4B-00C04F79EFBC}") = "Dapper.WebApi", "Dapper.WebApi\Dapper.WebApi.csproj", "{8CB1D19B-0E59-4E53-BE18-0D6F3E42ABF6}"
EndProject
Project("{FAE04EC0-301F-11D3-BF4B-00C04F79EFBC}") = "Dapper.Core", "Dapper.Core\Dapper.Core.csproj", "{83E267EE-BEEF-493A-B1CC-3900221336A7}"
EndProject
Project("{FAE04EC0-301F-11D3-BF4B-00C04F79EFBC}") = "Dapper.Application", "Dapper.Application\Dapper.Application.csproj", "{620B49A2-072E-4A46-8229-EF75CA4F5352}"
EndProject
Global
	GlobalSection(SolutionConfigurationPlatforms) = preSolution
		Debug|Any CPU = Debug|Any CPU
		Release|Any CPU = Release|Any CPU
	EndGlobalSection
	GlobalSection(ProjectConfigurationPlatforms) = postSolution
		{8CB1D19B-0E59-4E53-BE18-0D6F3E42ABF6}.Debug|Any CPU.ActiveCfg = Debug|Any CPU
		{8CB1D19B-0E59-4E53-BE18-0D6F3E42ABF6}.Debug|Any CPU.Build.0 = Debug|Any CPU
		{8CB1D19B-0E59-4E53-BE18-0D6F3E42ABF6}.Release|Any CPU.ActiveCfg = Release|Any CPU
		{8CB1D19B-0E59-4E53-BE18-0D6F3E42ABF6}.Release|Any CPU.Build.0 = Release|Any CPU
		{83E267EE-BEEF-493A-B1CC-3900221336A7}.Debug|Any CPU.ActiveCfg = Debug|Any CPU
		{83E267EE-BEEF-493A-B1CC-3900221336A7}.Debug|Any CPU.Build.0 = Debug|Any CPU
		{83E267EE-BEEF-493A-B1CC-3900221336A7}.Release|Any CPU.ActiveCfg = Release|Any CPU
		{83E267EE-BEEF-493A-B1CC-3900221336A7}.Release|Any CPU.Build.0 = Release|Any CPU
		{620B49A2-072E-4A46-8229-EF75CA4F5352}.Debug|Any CPU.ActiveCfg = Debug|Any CPU
		{620B49A2-072E-4A46-8229-EF75CA4F5352}.Debug|Any CPU.Build.0 = Debug|Any CPU
		{620B49A2-072E-4A46-8229-EF75CA4F5352}.Release|Any CPU.ActiveCfg = Release|Any CPU
		{620B49A2-072E-4A46-8229-EF75CA4F5352}.Release|Any CPU.Build.0 = Release|Any CPU
	EndGlobalSection
	GlobalSection(SolutionProperties) = preSolution
		HideSolutionNode = FALSE
	EndGlobalSection
	GlobalSection(ExtensibilityGlobals) = postSolution
		SolutionGuid = {2D4BAC01-8655-4228-9482-BBCEEC834996}
	EndGlobalSection
EndGlobal
