
Microsoft Visual Studio Solution File, Format Version 12.00
# Visual Studio Version 16
VisualStudioVersion = 16.0.31019.35
MinimumVisualStudioVersion = 10.0.40219.1
Project("{9A19103F-16F7-4668-BE54-9A1E7A4F7556}") = "DevIO.Business", "src\DevIO.Business\DevIO.Business.csproj", "{22713E9D-CBF6-4F6D-B2CB-8F4898302A6A}"
EndProject
Project("{9A19103F-16F7-4668-BE54-9A1E7A4F7556}") = "DevIO.Data", "src\DevIO.Data\DevIO.Data.csproj", "{9AB9803C-309B-48F8-A7C0-1440A6C41C06}"
EndProject
Project("{FAE04EC0-301F-11D3-BF4B-00C04F79EFBC}") = "DevIO.Api", "src\DevIO.Api\DevIO.Api.csproj", "{AC468AF8-1EE9-474F-B8D7-BE0383B17DD8}"
EndProject
Global
	GlobalSection(SolutionConfigurationPlatforms) = preSolution
		Debug|Any CPU = Debug|Any CPU
		Release|Any CPU = Release|Any CPU
	EndGlobalSection
	GlobalSection(ProjectConfigurationPlatforms) = postSolution
		{22713E9D-CBF6-4F6D-B2CB-8F4898302A6A}.Debug|Any CPU.ActiveCfg = Debug|Any CPU
		{22713E9D-CBF6-4F6D-B2CB-8F4898302A6A}.Debug|Any CPU.Build.0 = Debug|Any CPU
		{22713E9D-CBF6-4F6D-B2CB-8F4898302A6A}.Release|Any CPU.ActiveCfg = Release|Any CPU
		{22713E9D-CBF6-4F6D-B2CB-8F4898302A6A}.Release|Any CPU.Build.0 = Release|Any CPU
		{9AB9803C-309B-48F8-A7C0-1440A6C41C06}.Debug|Any CPU.ActiveCfg = Debug|Any CPU
		{9AB9803C-309B-48F8-A7C0-1440A6C41C06}.Debug|Any CPU.Build.0 = Debug|Any CPU
		{9AB9803C-309B-48F8-A7C0-1440A6C41C06}.Release|Any CPU.ActiveCfg = Release|Any CPU
		{9AB9803C-309B-48F8-A7C0-1440A6C41C06}.Release|Any CPU.Build.0 = Release|Any CPU
		{AC468AF8-1EE9-474F-B8D7-BE0383B17DD8}.Debug|Any CPU.ActiveCfg = Debug|Any CPU
		{AC468AF8-1EE9-474F-B8D7-BE0383B17DD8}.Debug|Any CPU.Build.0 = Debug|Any CPU
		{AC468AF8-1EE9-474F-B8D7-BE0383B17DD8}.Release|Any CPU.ActiveCfg = Release|Any CPU
		{AC468AF8-1EE9-474F-B8D7-BE0383B17DD8}.Release|Any CPU.Build.0 = Release|Any CPU
	EndGlobalSection
	GlobalSection(SolutionProperties) = preSolution
		HideSolutionNode = FALSE
	EndGlobalSection
	GlobalSection(ExtensibilityGlobals) = postSolution
		SolutionGuid = {214BC8CB-F4AD-44AB-82FF-FBEB85C77975}
	EndGlobalSection
EndGlobal
