
Microsoft Visual Studio Solution File, Format Version 12.00
# Visual Studio Version 16
VisualStudioVersion = 16.0.31019.35
MinimumVisualStudioVersion = 10.0.40219.1
Project("{FAE04EC0-301F-11D3-BF4B-00C04F79EFBC}") = "MinhaAPICore", "MinhaAPICore\MinhaAPICore.csproj", "{A92A9BA8-6707-458A-87D8-1A0B72DD8780}"
EndProject
Global
	GlobalSection(SolutionConfigurationPlatforms) = preSolution
		Debug|Any CPU = Debug|Any CPU
		Release|Any CPU = Release|Any CPU
	EndGlobalSection
	GlobalSection(ProjectConfigurationPlatforms) = postSolution
		{A92A9BA8-6707-458A-87D8-1A0B72DD8780}.Debug|Any CPU.ActiveCfg = Debug|Any CPU
		{A92A9BA8-6707-458A-87D8-1A0B72DD8780}.Debug|Any CPU.Build.0 = Debug|Any CPU
		{A92A9BA8-6707-458A-87D8-1A0B72DD8780}.Release|Any CPU.ActiveCfg = Release|Any CPU
		{A92A9BA8-6707-458A-87D8-1A0B72DD8780}.Release|Any CPU.Build.0 = Release|Any CPU
	EndGlobalSection
	GlobalSection(SolutionProperties) = preSolution
		HideSolutionNode = FALSE
	EndGlobalSection
	GlobalSection(ExtensibilityGlobals) = postSolution
		SolutionGuid = {D7C92D6F-1841-4C2E-A1B5-FA776FCF64AB}
	EndGlobalSection
EndGlobal
