
Microsoft Visual Studio Solution File, Format Version 12.00
# Visual Studio Version 16
VisualStudioVersion = 16.0.30320.27
MinimumVisualStudioVersion = 10.0.40219.1
Project("{FAE04EC0-301F-11D3-BF4B-00C04F79EFBC}") = "LinqSamples", "LinqSamples\LinqSamples.csproj", "{B7800E29-9BBF-4043-A775-BD663FA7CCB8}"
EndProject
Project("{FAE04EC0-301F-11D3-BF4B-00C04F79EFBC}") = "LinqSamples.Domain", "LinqSamples.Domain\LinqSamples.Domain.csproj", "{FB52BD75-312D-4A49-9E9B-3C8521026F28}"
EndProject
Global
	GlobalSection(SolutionConfigurationPlatforms) = preSolution
		Debug|Any CPU = Debug|Any CPU
		Release|Any CPU = Release|Any CPU
	EndGlobalSection
	GlobalSection(ProjectConfigurationPlatforms) = postSolution
		{B7800E29-9BBF-4043-A775-BD663FA7CCB8}.Debug|Any CPU.ActiveCfg = Debug|Any CPU
		{B7800E29-9BBF-4043-A775-BD663FA7CCB8}.Debug|Any CPU.Build.0 = Debug|Any CPU
		{B7800E29-9BBF-4043-A775-BD663FA7CCB8}.Release|Any CPU.ActiveCfg = Release|Any CPU
		{B7800E29-9BBF-4043-A775-BD663FA7CCB8}.Release|Any CPU.Build.0 = Release|Any CPU
		{FB52BD75-312D-4A49-9E9B-3C8521026F28}.Debug|Any CPU.ActiveCfg = Debug|Any CPU
		{FB52BD75-312D-4A49-9E9B-3C8521026F28}.Debug|Any CPU.Build.0 = Debug|Any CPU
		{FB52BD75-312D-4A49-9E9B-3C8521026F28}.Release|Any CPU.ActiveCfg = Release|Any CPU
		{FB52BD75-312D-4A49-9E9B-3C8521026F28}.Release|Any CPU.Build.0 = Release|Any CPU
	EndGlobalSection
	GlobalSection(SolutionProperties) = preSolution
		HideSolutionNode = FALSE
	EndGlobalSection
	GlobalSection(ExtensibilityGlobals) = postSolution
		SolutionGuid = {1ED8EEF2-BEB2-467C-A429-53918E8C4ABC}
	EndGlobalSection
EndGlobal
