
Microsoft Visual Studio Solution File, Format Version 12.00
# Visual Studio Version 16
VisualStudioVersion = 16.0.30709.132
MinimumVisualStudioVersion = 10.0.40219.1
Project("{9A19103F-16F7-4668-BE54-9A1E7A4F7556}") = "ACM.BL", "ACM.BL\ACM.BL.csproj", "{7B249984-009B-456B-894B-CCC52441F402}"
EndProject
Project("{2150E333-8FDC-42A3-9474-1A3956D46DE8}") = "Tests", "Tests", "{3DD64A42-9C44-478F-9C95-AB22045E01AA}"
EndProject
Project("{9A19103F-16F7-4668-BE54-9A1E7A4F7556}") = "ACM.BL.Test", "ACM.BL.Test\ACM.BL.Test.csproj", "{2ADA6AE1-7AD6-4B83-B331-5EB58C6402E1}"
EndProject
Project("{FAE04EC0-301F-11D3-BF4B-00C04F79EFBC}") = "Acme.Common", "Acme.Common\Acme.Common.csproj", "{D1594C6B-A0CE-40FA-BE96-BE7106313B98}"
EndProject
Project("{FAE04EC0-301F-11D3-BF4B-00C04F79EFBC}") = "Acme.CommonTest", "Acme.CommonTest\Acme.CommonTest.csproj", "{27CD19B3-B609-4BF6-813F-6AA378168CED}"
EndProject
Global
	GlobalSection(SolutionConfigurationPlatforms) = preSolution
		Debug|Any CPU = Debug|Any CPU
		Release|Any CPU = Release|Any CPU
	EndGlobalSection
	GlobalSection(ProjectConfigurationPlatforms) = postSolution
		{7B249984-009B-456B-894B-CCC52441F402}.Debug|Any CPU.ActiveCfg = Debug|Any CPU
		{7B249984-009B-456B-894B-CCC52441F402}.Debug|Any CPU.Build.0 = Debug|Any CPU
		{7B249984-009B-456B-894B-CCC52441F402}.Release|Any CPU.ActiveCfg = Release|Any CPU
		{7B249984-009B-456B-894B-CCC52441F402}.Release|Any CPU.Build.0 = Release|Any CPU
		{2ADA6AE1-7AD6-4B83-B331-5EB58C6402E1}.Debug|Any CPU.ActiveCfg = Debug|Any CPU
		{2ADA6AE1-7AD6-4B83-B331-5EB58C6402E1}.Debug|Any CPU.Build.0 = Debug|Any CPU
		{2ADA6AE1-7AD6-4B83-B331-5EB58C6402E1}.Release|Any CPU.ActiveCfg = Release|Any CPU
		{2ADA6AE1-7AD6-4B83-B331-5EB58C6402E1}.Release|Any CPU.Build.0 = Release|Any CPU
		{D1594C6B-A0CE-40FA-BE96-BE7106313B98}.Debug|Any CPU.ActiveCfg = Debug|Any CPU
		{D1594C6B-A0CE-40FA-BE96-BE7106313B98}.Debug|Any CPU.Build.0 = Debug|Any CPU
		{D1594C6B-A0CE-40FA-BE96-BE7106313B98}.Release|Any CPU.ActiveCfg = Release|Any CPU
		{D1594C6B-A0CE-40FA-BE96-BE7106313B98}.Release|Any CPU.Build.0 = Release|Any CPU
		{27CD19B3-B609-4BF6-813F-6AA378168CED}.Debug|Any CPU.ActiveCfg = Debug|Any CPU
		{27CD19B3-B609-4BF6-813F-6AA378168CED}.Debug|Any CPU.Build.0 = Debug|Any CPU
		{27CD19B3-B609-4BF6-813F-6AA378168CED}.Release|Any CPU.ActiveCfg = Release|Any CPU
		{27CD19B3-B609-4BF6-813F-6AA378168CED}.Release|Any CPU.Build.0 = Release|Any CPU
	EndGlobalSection
	GlobalSection(SolutionProperties) = preSolution
		HideSolutionNode = FALSE
	EndGlobalSection
	GlobalSection(NestedProjects) = preSolution
		{2ADA6AE1-7AD6-4B83-B331-5EB58C6402E1} = {3DD64A42-9C44-478F-9C95-AB22045E01AA}
		{27CD19B3-B609-4BF6-813F-6AA378168CED} = {3DD64A42-9C44-478F-9C95-AB22045E01AA}
	EndGlobalSection
	GlobalSection(ExtensibilityGlobals) = postSolution
		SolutionGuid = {FDE810EC-5DE8-4923-85DF-F3794512F868}
	EndGlobalSection
EndGlobal
