
Microsoft Visual Studio Solution File, Format Version 12.00
# Visual Studio Version 16
VisualStudioVersion = 16.0.30011.22
MinimumVisualStudioVersion = 10.0.40219.1
Project("{FAE04EC0-301F-11D3-BF4B-00C04F79EFBC}") = "DevIO.UI.Site", "src\DevIO.UI.Site\DevIO.UI.Site.csproj", "{DD600E16-C815-4B14-AC56-FE66D8170044}"
EndProject
Global
	GlobalSection(SolutionConfigurationPlatforms) = preSolution
		Debug|Any CPU = Debug|Any CPU
		Release|Any CPU = Release|Any CPU
	EndGlobalSection
	GlobalSection(ProjectConfigurationPlatforms) = postSolution
		{DD600E16-C815-4B14-AC56-FE66D8170044}.Debug|Any CPU.ActiveCfg = Debug|Any CPU
		{DD600E16-C815-4B14-AC56-FE66D8170044}.Debug|Any CPU.Build.0 = Debug|Any CPU
		{DD600E16-C815-4B14-AC56-FE66D8170044}.Release|Any CPU.ActiveCfg = Release|Any CPU
		{DD600E16-C815-4B14-AC56-FE66D8170044}.Release|Any CPU.Build.0 = Release|Any CPU
	EndGlobalSection
	GlobalSection(SolutionProperties) = preSolution
		HideSolutionNode = FALSE
	EndGlobalSection
	GlobalSection(ExtensibilityGlobals) = postSolution
		SolutionGuid = {CEAFC06B-DCDA-4495-9219-8B72ACF23A85}
	EndGlobalSection
EndGlobal
